{
  "name": "r3f-orbit-controls",
  "version": "0.0.0",
  "lockfileVersion": 1,
  "requires": true,
  "dependencies": {
    "@babel/runtime": {
      "version": "7.15.4",
      "resolved": "https://registry.npmjs.org/@babel/runtime/-/runtime-7.15.4.tgz",
      "integrity": "sha512-99catp6bHCaxr4sJ/DbTGgHS4+Rs2RVd2g7iOap6SLGPDknRK9ztKNsE/Fg6QhSeh1FGE5f6gHGQmvvn3I3xhw==",
      "requires": {
        "regenerator-runtime": "^0.13.4"
      }
    },
    "@chevrotain/types": {
      "version": "9.0.2",
      "resolved": "https://registry.npmjs.org/@chevrotain/types/-/types-9.0.2.tgz",
      "integrity": "sha512-lo1dQPX7DQffJb26eaYLEy4/jUTFmsGKa43mDvMNAHwItEgUQHUkTZR0iAkHG0aJv8ejM/KqYpRVSNetrOK8qw=="
    },
    "@chevrotain/utils": {
      "version": "9.0.2",
      "resolved": "https://registry.npmjs.org/@chevrotain/utils/-/utils-9.0.2.tgz",
      "integrity": "sha512-iTju1VpbGruWagXS/XswuqeimOCRNeDvrXLlWHYsHp1qTU8sJfAfLiX5vs7DNxB1px6N8VWVI0SD8vMUksNBYw=="
    },
    "@react-three/drei": {
      "version": "7.12.5",
      "resolved": "https://registry.npmjs.org/@react-three/drei/-/drei-7.12.5.tgz",
      "integrity": "sha512-3mVraLz2Q3IQLcGoVD0RY/NmtefBBvXwxgLSdKqL6Lv6krEHuxJ34ehooVrivxPi8odb213zqRIJkM0hpPREEw==",
      "requires": {
        "@babel/runtime": "^7.11.2",
        "blob-polyfill": "^5.0.20210201",
        "detect-gpu": "^3.0.0",
        "glsl-noise": "^0.0.0",
        "lodash.omit": "^4.5.0",
        "lodash.pick": "^4.4.0",
        "react-composer": "^5.0.1",
        "react-merge-refs": "^1.0.0",
        "stats.js": "^0.17.0",
        "three-mesh-bvh": "^0.4.1",
        "three-stdlib": "^2.4.2",
        "troika-three-text": "^0.42.0",
        "use-asset": "^1.0.4",
        "utility-types": "^3.10.0",
        "zustand": "^3.5.1"
      }
    },
    "@react-three/fiber": {
      "version": "7.0.7",
      "resolved": "https://registry.npmjs.org/@react-three/fiber/-/fiber-7.0.7.tgz",
      "integrity": "sha512-cDRweUmJUbyGSn1j0r3bzKdS+MobIA93LR0j3pa2XOpjutKJsS2va38xEbbGK7ODTKVvCOdjJ9xlBB4TSS1Vhg==",
      "requires": {
        "@babel/runtime": "^7.13.10",
        "react-merge-refs": "^1.1.0",
        "react-reconciler": "^0.26.2",
        "react-three-fiber": "0.0.0-deprecated",
        "react-use-measure": "^2.0.4",
        "resize-observer-polyfill": "^1.5.1",
        "scheduler": "^0.20.2",
        "use-asset": "^1.0.4",
        "utility-types": "^3.10.0",
        "zustand": "^3.5.1"
      }
    },
    "@types/node": {
      "version": "16.10.2",
      "resolved": "https://registry.npmjs.org/@types/node/-/node-16.10.2.tgz",
      "integrity": "sha512-zCclL4/rx+W5SQTzFs9wyvvyCwoK9QtBpratqz2IYJ3O8Umrn0m3nsTv0wQBk9sRGpvUe9CwPDrQFB10f1FIjQ==",
      "dev": true
    },
    "@types/prop-types": {
      "version": "15.7.4",
      "resolved": "https://registry.npmjs.org/@types/prop-types/-/prop-types-15.7.4.tgz",
      "integrity": "sha512-rZ5drC/jWjrArrS8BR6SIr4cWpW09RNTYt9AMZo3Jwwif+iacXAqgVjm0B0Bv/S1jhDXKHqRVNCbACkJ89RAnQ==",
      "dev": true
    },
    "@types/ramda": {
      "version": "0.27.45",
      "resolved": "https://registry.npmjs.org/@types/ramda/-/ramda-0.27.45.tgz",
      "integrity": "sha512-WDH7bIuy+JQHzYx6jgo+ytSHco/J+DWaUfxXQ2eBjilxIj4rG0aqQNU56AtO5Tem9hmx8na2ouSAtn5Tz8RePQ==",
      "dev": true,
      "requires": {
        "ts-toolbelt": "^6.15.1"
      }
    },
    "@types/react": {
      "version": "17.0.26",
      "resolved": "https://registry.npmjs.org/@types/react/-/react-17.0.26.tgz",
      "integrity": "sha512-MXxuXrH2xOcv5cp/su4oz69dNQnSA90JjFw5HBd5wifw6Ihi94j7dRJm7qNsB30tnruXSCPc9qmlhGop4nh9Hw==",
      "dev": true,
      "requires": {
        "@types/prop-types": "*",
        "@types/scheduler": "*",
        "csstype": "^3.0.2"
      }
    },
    "@types/react-dom": {
      "version": "17.0.9",
      "resolved": "https://registry.npmjs.org/@types/react-dom/-/react-dom-17.0.9.tgz",
      "integrity": "sha512-wIvGxLfgpVDSAMH5utdL9Ngm5Owu0VsGmldro3ORLXV8CShrL8awVj06NuEXFQ5xyaYfdca7Sgbk/50Ri1GdPg==",
      "dev": true,
      "requires": {
        "@types/react": "*"
      }
    },
    "@types/scheduler": {
      "version": "0.16.2",
      "resolved": "https://registry.npmjs.org/@types/scheduler/-/scheduler-0.16.2.tgz",
      "integrity": "sha512-hppQEBDmlwhFAXKJX2KnWLYu5yMfi91yazPb2l+lbJiwW+wdo1gNeRA+3RgNSO39WYX2euey41KEwnqesU2Jew==",
      "dev": true
    },
    "@types/three": {
      "version": "0.132.2",
      "resolved": "https://registry.npmjs.org/@types/three/-/three-0.132.2.tgz",
      "integrity": "sha512-DpaP0sObpHvKX8zdfCqyTK526N8lQ86Qstp6MnQJ3jNYie7Bv9AMRTALuoIH8dgVZ62z9twuNvEarWHXOZwmSw==",
      "dev": true
    },
    "@webgpu/glslang": {
      "version": "0.0.15",
      "resolved": "https://registry.npmjs.org/@webgpu/glslang/-/glslang-0.0.15.tgz",
      "integrity": "sha512-niT+Prh3Aff8Uf1MVBVUsaNjFj9rJAKDXuoHIKiQbB+6IUP/3J3JIhBNyZ7lDhytvXxw6ppgnwKZdDJ08UMj4Q=="
    },
    "@webxr-input-profiles/motion-controllers": {
      "version": "1.0.0",
      "resolved": "https://registry.npmjs.org/@webxr-input-profiles/motion-controllers/-/motion-controllers-1.0.0.tgz",
      "integrity": "sha512-Ppxde+G1/QZbU8ShCQg+eq5VtlcL/FPkerF1dkDOLlIml0LJD1tFqnCZYR0SrHzYleIQ2siRnOx7xbFLaCpExQ=="
    },
    "bidi-js": {
      "version": "1.0.2",
      "resolved": "https://registry.npmjs.org/bidi-js/-/bidi-js-1.0.2.tgz",
      "integrity": "sha512-rzSy/k7WdX5zOyeHHCOixGXbCHkyogkxPKL2r8QtzHmVQDiWCXUWa18bLdMWT9CYMLOYTjWpTHawuev2ouYJVw==",
      "requires": {
        "require-from-string": "^2.0.2"
      }
    },
    "blob-polyfill": {
      "version": "5.0.20210201",
      "resolved": "https://registry.npmjs.org/blob-polyfill/-/blob-polyfill-5.0.20210201.tgz",
      "integrity": "sha512-SrH6IG6aXL9pCgSysBCiDpGcAJ1j6/c1qCwR3sTEQJhb+MTk6FITNA6eW6WNYQDNZVi4Z9GjxH5v2MMTv59CrQ=="
    },
    "chevrotain": {
      "version": "9.0.2",
      "resolved": "https://registry.npmjs.org/chevrotain/-/chevrotain-9.0.2.tgz",
      "integrity": "sha512-6ZjgUdGvU4j1n1b2hTjb79Vr2V+qNtmP7f8FVt79+kdAYcUj2QfYNwI8ycCVsgHD/dIeO5Vr1hckkkfliVQTfg==",
      "requires": {
        "@chevrotain/types": "^9.0.2",
        "@chevrotain/utils": "^9.0.2",
        "regexp-to-ast": "0.5.0"
      }
    },
    "complex.js": {
      "version": "2.0.15",
      "resolved": "https://registry.npmjs.org/complex.js/-/complex.js-2.0.15.tgz",
      "integrity": "sha512-gDBvQU8IG139ZBQTSo2qvDFP+lANMGluM779csXOr6ny1NUtA3wkUnCFjlDNH/moAVfXtvClYt6G0zarFbtz5w=="
    },
    "csstype": {
      "version": "3.0.9",
      "resolved": "https://registry.npmjs.org/csstype/-/csstype-3.0.9.tgz",
      "integrity": "sha512-rpw6JPxK6Rfg1zLOYCSwle2GFOOsnjmDYDaBwEcwoOg4qlsIVCN789VkBZDJAGi4T07gI4YSutR43t9Zz4Lzuw==",
      "dev": true
    },
    "debounce": {
      "version": "1.2.1",
      "resolved": "https://registry.npmjs.org/debounce/-/debounce-1.2.1.tgz",
      "integrity": "sha512-XRRe6Glud4rd/ZGQfiV1ruXSfbvfJedlV9Y6zOlP+2K04vBYiJEte6stfFkCP03aMnY5tsipamumUjL14fofug=="
    },
    "decimal.js": {
      "version": "10.3.1",
      "resolved": "https://registry.npmjs.org/decimal.js/-/decimal.js-10.3.1.tgz",
      "integrity": "sha512-V0pfhfr8suzyPGOx3nmq4aHqabehUZn6Ch9kyFpV79TGDTWFmHqUqXdabR7QHqxzrYolF4+tVmJhUG4OURg5dQ=="
    },
    "detect-gpu": {
      "version": "3.1.19",
      "resolved": "https://registry.npmjs.org/detect-gpu/-/detect-gpu-3.1.19.tgz",
      "integrity": "sha512-FgVx2LKxaXU1ALPhk6opclq56Yj/zB76qRS9UxzjGyagbNsRtzhcwKqRG+nWzIDnwRUE2d80F6ldgTJu5T9KVA==",
      "requires": {
        "webgl-constants": "^1.1.1"
      }
    },
    "escape-latex": {
      "version": "1.2.0",
      "resolved": "https://registry.npmjs.org/escape-latex/-/escape-latex-1.2.0.tgz",
      "integrity": "sha512-nV5aVWW1K0wEiUIEdZ4erkGGH8mDxGyxSeqPzRNtWP7ataw+/olFObw7hujFWlVjNsaDFw5VZ5NzVSIqRgfTiw=="
    },
    "fast-deep-equal": {
      "version": "3.1.3",
      "resolved": "https://registry.npmjs.org/fast-deep-equal/-/fast-deep-equal-3.1.3.tgz",
      "integrity": "sha512-f3qQ9oQy9j2AhBe/H9VC91wLmKBCCU/gDOnKNAYG5hswO7BLKj09Hc5HYNz9cGI++xlpDCIgDaitVs03ATR84Q=="
    },
    "fflate": {
      "version": "0.6.10",
      "resolved": "https://registry.npmjs.org/fflate/-/fflate-0.6.10.tgz",
      "integrity": "sha512-IQrh3lEPM93wVCEczc9SaAOvkmcoQn/G8Bo1e8ZPlY3X3bnAxWaBdvTdvM1hP62iZp0BXWDy4vTAy4fF0+Dlpg=="
    },
    "flyd": {
      "version": "0.2.8",
      "resolved": "https://registry.npmjs.org/flyd/-/flyd-0.2.8.tgz",
      "integrity": "sha512-PVr++d+cOkf//kVIm66aTgmmrHNAhqNH9TIZQzunrVL9GaW7pMFTuLcaGkTV9z4bkvVWPB1VGuxjGFFfQUZNwA==",
      "requires": {
        "ramda": "^0.25.0"
      },
      "dependencies": {
        "ramda": {
          "version": "0.25.0",
          "resolved": "https://registry.npmjs.org/ramda/-/ramda-0.25.0.tgz",
          "integrity": "sha512-GXpfrYVPwx3K7RQ6aYT8KPS8XViSXUVJT1ONhoKPE9VAleW42YE+U+8VEyGWt41EnEQW7gwecYJriTI0pKoecQ=="
        }
      }
    },
    "flyd-dom-events": {
      "version": "1.0.0",
      "resolved": "https://registry.npmjs.org/flyd-dom-events/-/flyd-dom-events-1.0.0.tgz",
      "integrity": "sha512-bJTpJH5ITtbW+Qm+rjpwggjfDwQ3Z7gZ93xDc/TVlPzAk/upI9YHnj+MuZaPymx+9PZwvGafnZTXy8fv8NJZ1g==",
      "requires": {
        "flyd": "^0.2.8"
      }
    },
    "fraction.js": {
      "version": "4.1.1",
      "resolved": "https://registry.npmjs.org/fraction.js/-/fraction.js-4.1.1.tgz",
      "integrity": "sha512-MHOhvvxHTfRFpF1geTK9czMIZ6xclsEor2wkIGYYq+PxcQqT7vStJqjhe6S1TenZrMZzo+wlqOufBDVepUEgPg=="
    },
    "glsl-noise": {
      "version": "0.0.0",
      "resolved": "https://registry.npmjs.org/glsl-noise/-/glsl-noise-0.0.0.tgz",
      "integrity": "sha1-NndF86MzgsDu7Ey1S36Zz8HXZws="
    },
    "javascript-natural-sort": {
      "version": "0.7.1",
      "resolved": "https://registry.npmjs.org/javascript-natural-sort/-/javascript-natural-sort-0.7.1.tgz",
      "integrity": "sha1-+eIwPUUH9tdDVac2ZNFED7Wg71k="
    },
    "js-tokens": {
      "version": "4.0.0",
      "resolved": "https://registry.npmjs.org/js-tokens/-/js-tokens-4.0.0.tgz",
      "integrity": "sha512-RdJUflcE3cUzKiMqQgsCu06FPu9UdIJO0beYbPhHN4k6apgJtifcoCtT9bcxOpYBtpD2kCM6Sbzg4CausW/PKQ=="
    },
    "ktx-parse": {
      "version": "0.2.1",
      "resolved": "https://registry.npmjs.org/ktx-parse/-/ktx-parse-0.2.1.tgz",
      "integrity": "sha512-I+2mYJ6nQdWGmOlE3m9d9idKfhn2MCw04zaVpgtzyuc19uQ8OwRmmYLf/TP5ueVFfYmHbdpM8mPmId2X5PBLEw=="
    },
    "lodash.omit": {
      "version": "4.5.0",
      "resolved": "https://registry.npmjs.org/lodash.omit/-/lodash.omit-4.5.0.tgz",
      "integrity": "sha1-brGa5aHuHdnfC5aeZs4Lf6MLXmA="
    },
    "lodash.pick": {
      "version": "4.4.0",
      "resolved": "https://registry.npmjs.org/lodash.pick/-/lodash.pick-4.4.0.tgz",
      "integrity": "sha1-UvBWEP/53tQiYRRB7R/BI6AwAbM="
    },
    "loose-envify": {
      "version": "1.4.0",
      "resolved": "https://registry.npmjs.org/loose-envify/-/loose-envify-1.4.0.tgz",
      "integrity": "sha512-lyuxPGr/Wfhrlem2CL/UcnUc1zcqKAImBDzukY7Y5F/yQiNdko6+fRLevlw1HgMySw7f611UIY408EtxRSoK3Q==",
      "requires": {
        "js-tokens": "^3.0.0 || ^4.0.0"
      }
    },
    "mathjs": {
      "version": "9.5.0",
      "resolved": "https://registry.npmjs.org/mathjs/-/mathjs-9.5.0.tgz",
      "integrity": "sha512-a6QFEoLFLEI1cKr0B7lwAM1TTNAfNTxppimyqS5WhxGKXbV59DK4OX606z05PpuKpTiq7gTtPiSV0OAwFfxSvw==",
      "requires": {
        "@babel/runtime": "^7.15.4",
        "complex.js": "^2.0.15",
        "decimal.js": "^10.3.1",
        "escape-latex": "^1.2.0",
        "fraction.js": "^4.1.1",
        "javascript-natural-sort": "^0.7.1",
        "seedrandom": "^3.0.5",
        "tiny-emitter": "^2.1.0",
        "typed-function": "^2.0.0"
      }
    },
    "mmd-parser": {
      "version": "1.0.4",
      "resolved": "https://registry.npmjs.org/mmd-parser/-/mmd-parser-1.0.4.tgz",
      "integrity": "sha512-Qi0VCU46t2IwfGv5KF0+D/t9cizcDug7qnNoy9Ggk7aucp0tssV8IwTMkBlDbm+VqAf3cdQHTCARKSsuS2MYFg=="
    },
    "object-assign": {
      "version": "4.1.1",
      "resolved": "https://registry.npmjs.org/object-assign/-/object-assign-4.1.1.tgz",
      "integrity": "sha1-IQmtx5ZYh8/AXLvUQsrIv7s2CGM="
    },
    "opentype.js": {
      "version": "1.3.3",
      "resolved": "https://registry.npmjs.org/opentype.js/-/opentype.js-1.3.3.tgz",
      "integrity": "sha512-/qIY/+WnKGlPIIPhbeNjynfD2PO15G9lA/xqlX2bDH+4lc3Xz5GCQ68mqxj3DdUv6AJqCeaPvuAoH8mVL0zcuA==",
      "requires": {
        "string.prototype.codepointat": "^0.2.1",
        "tiny-inflate": "^1.0.3"
      }
    },
    "potpack": {
      "version": "1.0.1",
      "resolved": "https://registry.npmjs.org/potpack/-/potpack-1.0.1.tgz",
      "integrity": "sha512-15vItUAbViaYrmaB/Pbw7z6qX2xENbFSTA7Ii4tgbPtasxm5v6ryKhKtL91tpWovDJzTiZqdwzhcFBCwiMVdVw=="
    },
    "prettier": {
      "version": "2.4.1",
      "resolved": "https://registry.npmjs.org/prettier/-/prettier-2.4.1.tgz",
      "integrity": "sha512-9fbDAXSBcc6Bs1mZrDYb3XKzDLm4EXXL9sC1LqKP5rZkT6KRr/rf9amVUcODVXgguK/isJz0d0hP72WeaKWsvA==",
      "dev": true
    },
    "prop-types": {
      "version": "15.7.2",
      "resolved": "https://registry.npmjs.org/prop-types/-/prop-types-15.7.2.tgz",
      "integrity": "sha512-8QQikdH7//R2vurIJSutZ1smHYTcLpRWEOlHnzcWHmBYrOGUysKwSsrC89BCiFj3CbrfJ/nXFdJepOVrY1GCHQ==",
      "requires": {
        "loose-envify": "^1.4.0",
        "object-assign": "^4.1.1",
        "react-is": "^16.8.1"
      }
    },
    "ramda": {
      "version": "0.27.1",
      "resolved": "https://registry.npmjs.org/ramda/-/ramda-0.27.1.tgz",
      "integrity": "sha512-PgIdVpn5y5Yns8vqb8FzBUEYn98V3xcPgawAkkgj0YJ0qDsnHCiNmZYfOGMgOvoB0eWFLpYbhxUR3mxfDIMvpw=="
    },
    "react-composer": {
      "version": "5.0.1",
      "resolved": "https://registry.npmjs.org/react-composer/-/react-composer-5.0.1.tgz",
      "integrity": "sha512-gp+fEJpZU6mmnKAEskGblwtM0HV6Yh2NiwtUBeGzjEcGSeqxKqGxKq6Ae0ca08SkSDqmeazm09Ybwk8ESHQBIQ==",
      "requires": {
        "prop-types": "^15.6.0"
      }
    },
    "react-is": {
      "version": "16.13.1",
      "resolved": "https://registry.npmjs.org/react-is/-/react-is-16.13.1.tgz",
      "integrity": "sha512-24e6ynE2H+OKt4kqsOvNd8kBpV65zoxbA4BVsEOB3ARVWQki/DHzaUoC5KuON/BiccDaCCTZBuOcfZs70kR8bQ=="
    },
    "react-merge-refs": {
      "version": "1.1.0",
      "resolved": "https://registry.npmjs.org/react-merge-refs/-/react-merge-refs-1.1.0.tgz",
      "integrity": "sha512-alTKsjEL0dKH/ru1Iyn7vliS2QRcBp9zZPGoWxUOvRGWPUYgjo+V01is7p04It6KhgrzhJGnIj9GgX8W4bZoCQ=="
    },
    "react-reconciler": {
      "version": "0.26.2",
      "resolved": "https://registry.npmjs.org/react-reconciler/-/react-reconciler-0.26.2.tgz",
      "integrity": "sha512-nK6kgY28HwrMNwDnMui3dvm3rCFjZrcGiuwLc5COUipBK5hWHLOxMJhSnSomirqWwjPBJKV1QcbkI0VJr7Gl1Q==",
      "requires": {
        "loose-envify": "^1.1.0",
        "object-assign": "^4.1.1",
        "scheduler": "^0.20.2"
      }
    },
    "react-three-fiber": {
      "version": "0.0.0-deprecated",
      "resolved": "https://registry.npmjs.org/react-three-fiber/-/react-three-fiber-0.0.0-deprecated.tgz",
      "integrity": "sha512-EblIqTAsIpkYeM8bZtC4lcpTE0A2zCEGipFB52RgcQq/q+0oryrk7Sxt+sqhIjUu6xMNEVywV8dr74lz5yWO6A=="
    },
    "react-use-measure": {
      "version": "2.0.4",
      "resolved": "https://registry.npmjs.org/react-use-measure/-/react-use-measure-2.0.4.tgz",
      "integrity": "sha512-7K2HIGaPMl3Q9ZQiEVjen3tRXl4UDda8LiTPy/QxP8dP2rl5gPBhf7mMH6MVjjRNv3loU7sNzey/ycPNnHVTxQ==",
      "requires": {
        "debounce": "^1.2.0"
      }
    },
    "regenerator-runtime": {
      "version": "0.13.9",
      "resolved": "https://registry.npmjs.org/regenerator-runtime/-/regenerator-runtime-0.13.9.tgz",
      "integrity": "sha512-p3VT+cOEgxFsRRA9X4lkI1E+k2/CtnKtU4gcxyaCUreilL/vqI6CdZ3wxVUx3UOUg+gnUOQQcRI7BmSI656MYA=="
    },
    "regexp-to-ast": {
      "version": "0.5.0",
      "resolved": "https://registry.npmjs.org/regexp-to-ast/-/regexp-to-ast-0.5.0.tgz",
      "integrity": "sha512-tlbJqcMHnPKI9zSrystikWKwHkBqu2a/Sgw01h3zFjvYrMxEDYHzzoMZnUrbIfpTFEsoRnnviOXNCzFiSc54Qw=="
    },
    "require-from-string": {
      "version": "2.0.2",
      "resolved": "https://registry.npmjs.org/require-from-string/-/require-from-string-2.0.2.tgz",
      "integrity": "sha512-Xf0nWe6RseziFMu+Ap9biiUbmplq6S9/p+7w7YXP/JBHhrUDDUhwa+vANyubuqfZWTveU//DYVGsDG7RKL/vEw=="
    },
    "resize-observer-polyfill": {
      "version": "1.5.1",
      "resolved": "https://registry.npmjs.org/resize-observer-polyfill/-/resize-observer-polyfill-1.5.1.tgz",
      "integrity": "sha512-LwZrotdHOo12nQuZlHEmtuXdqGoOD0OhaxopaNFxWzInpEgaLWoVuAMbTzixuosCx2nEG58ngzW3vxdWoxIgdg=="
    },
    "scheduler": {
      "version": "0.20.2",
      "resolved": "https://registry.npmjs.org/scheduler/-/scheduler-0.20.2.tgz",
      "integrity": "sha512-2eWfGgAqqWFGqtdMmcL5zCMK1U8KlXv8SQFGglL3CEtd0aDVDWgeF/YoCmvln55m5zSk3J/20hTaSBeSObsQDQ==",
      "requires": {
        "loose-envify": "^1.1.0",
        "object-assign": "^4.1.1"
      }
    },
    "seedrandom": {
      "version": "3.0.5",
      "resolved": "https://registry.npmjs.org/seedrandom/-/seedrandom-3.0.5.tgz",
      "integrity": "sha512-8OwmbklUNzwezjGInmZ+2clQmExQPvomqjL7LFqOYqtmuxRgQYqOD3mHaU+MvZn5FLUeVxVfQjwLZW/n/JFuqg=="
    },
    "stats.js": {
      "version": "0.17.0",
      "resolved": "https://registry.npmjs.org/stats.js/-/stats.js-0.17.0.tgz",
      "integrity": "sha1-scPcRtlEmLV4t/05hbgaznExzH0="
    },
    "string.prototype.codepointat": {
      "version": "0.2.1",
      "resolved": "https://registry.npmjs.org/string.prototype.codepointat/-/string.prototype.codepointat-0.2.1.tgz",
      "integrity": "sha512-2cBVCj6I4IOvEnjgO/hWqXjqBGsY+zwPmHl12Srk9IXSZ56Jwwmy+66XO5Iut/oQVR7t5ihYdLB0GMa4alEUcg=="
    },
    "three-mesh-bvh": {
      "version": "0.4.3",
      "resolved": "https://registry.npmjs.org/three-mesh-bvh/-/three-mesh-bvh-0.4.3.tgz",
      "integrity": "sha512-4CO1dU73hQRwGgeOL05CnsKkIa0LgNCH6S8t66D9nvSiyK9wDzrSqzGVd8e+eUytFoliYHc/lwoW0uamrmXo5w=="
    },
    "three-stdlib": {
      "version": "2.4.2",
      "resolved": "https://registry.npmjs.org/three-stdlib/-/three-stdlib-2.4.2.tgz",
      "integrity": "sha512-kGd03DzKBTtIZPDIw4VnmEnmiuQbgfUSZo6wuR8DtzUwwhTiqcCefZFVcsmn7Y73Z1cllxxPgV6bV6w+p/axcA==",
      "requires": {
        "@babel/runtime": "^7.14.6",
        "@webgpu/glslang": "^0.0.15",
        "@webxr-input-profiles/motion-controllers": "^1.0.0",
        "chevrotain": "^9.0.2",
        "fflate": "^0.6.9",
        "ktx-parse": "^0.2.1",
        "mmd-parser": "^1.0.4",
        "opentype.js": "^1.3.3",
        "potpack": "^1.0.1",
        "zstddec": "^0.0.2"
      }
    },
    "tiny-emitter": {
      "version": "2.1.0",
      "resolved": "https://registry.npmjs.org/tiny-emitter/-/tiny-emitter-2.1.0.tgz",
      "integrity": "sha512-NB6Dk1A9xgQPMoGqC5CVXn123gWyte215ONT5Pp5a0yt4nlEoO1ZWeCwpncaekPHXO60i47ihFnZPiRPjRMq4Q=="
    },
    "tiny-inflate": {
      "version": "1.0.3",
      "resolved": "https://registry.npmjs.org/tiny-inflate/-/tiny-inflate-1.0.3.tgz",
      "integrity": "sha512-pkY1fj1cKHb2seWDy0B16HeWyczlJA9/WW3u3c4z/NiWDsO3DOU5D7nhTLE9CF0yXv/QZFY7sEJmj24dK+Rrqw=="
    },
    "troika-three-text": {
      "version": "0.42.0",
      "resolved": "https://registry.npmjs.org/troika-three-text/-/troika-three-text-0.42.0.tgz",
      "integrity": "sha512-bI9tCNwYDxcAi04NN0g0exOCrvNur9YfA2adR3AZgKHq+FIzxFIOem9LJ8kVwvo4smR+/hAv8N8pcRvXTek21w==",
      "requires": {
        "bidi-js": "^1.0.2",
        "troika-three-utils": "^0.42.0",
        "troika-worker-utils": "^0.42.0"
      }
    },
    "troika-three-utils": {
      "version": "0.42.0",
      "resolved": "https://registry.npmjs.org/troika-three-utils/-/troika-three-utils-0.42.0.tgz",
      "integrity": "sha512-IimGItKTN4PxeXEL4uWSF20kHZU1J1jXHD0gYQflX3QOFSven7HBG7nEqHcWavbZkB3AeRfR6NB3294GIt3uGA=="
    },
    "troika-worker-utils": {
      "version": "0.42.0",
      "resolved": "https://registry.npmjs.org/troika-worker-utils/-/troika-worker-utils-0.42.0.tgz",
      "integrity": "sha512-eTfX/vBNC7zMD+sSIDzbQAVwbhotbCz71IimZe0rFqPvAXkvLpKfH2YcWd1Ho42PII1O9Gl4QxxTV8ulRmDilQ=="
    },
    "ts-toolbelt": {
      "version": "6.15.5",
      "resolved": "https://registry.npmjs.org/ts-toolbelt/-/ts-toolbelt-6.15.5.tgz",
      "integrity": "sha512-FZIXf1ksVyLcfr7M317jbB67XFJhOO1YqdTcuGaq9q5jLUoTikukZ+98TPjKiP2jC5CgmYdWWYs0s2nLSU0/1A==",
      "dev": true
    },
    "typed-function": {
      "version": "2.0.0",
      "resolved": "https://registry.npmjs.org/typed-function/-/typed-function-2.0.0.tgz",
      "integrity": "sha512-Hhy1Iwo/e4AtLZNK10ewVVcP2UEs408DS35ubP825w/YgSBK1KVLwALvvIG4yX75QJrxjCpcWkzkVRB0BwwYlA=="
    },
    "typescript": {
      "version": "4.4.3",
      "resolved": "https://registry.npmjs.org/typescript/-/typescript-4.4.3.tgz",
      "integrity": "sha512-4xfscpisVgqqDfPaJo5vkd+Qd/ItkoagnHpufr+i2QCHBsNYp+G7UAoyFl8aPtx879u38wPV65rZ8qbGZijalA==",
      "dev": true
    },
    "use-asset": {
      "version": "1.0.4",
      "resolved": "https://registry.npmjs.org/use-asset/-/use-asset-1.0.4.tgz",
      "integrity": "sha512-7/hqDrWa0iMnCoET9W1T07EmD4Eg/Wmoj/X8TGBc++ECRK4m5yTsjP4O6s0yagbxfqIOuUkIxe2/sA+VR2GxZA==",
      "requires": {
        "fast-deep-equal": "^3.1.3"
      }
    },
    "utility-types": {
      "version": "3.10.0",
      "resolved": "https://registry.npmjs.org/utility-types/-/utility-types-3.10.0.tgz",
      "integrity": "sha512-O11mqxmi7wMKCo6HKFt5AhO4BwY3VV68YU07tgxfz8zJTIxr4BpsezN49Ffwy9j3ZpwwJp4fkRwjRzq3uWE6Rg=="
    },
    "webgl-constants": {
      "version": "1.1.1",
      "resolved": "https://registry.npmjs.org/webgl-constants/-/webgl-constants-1.1.1.tgz",
      "integrity": "sha512-LkBXKjU5r9vAW7Gcu3T5u+5cvSvh5WwINdr0C+9jpzVB41cjQAP5ePArDtk/WHYdVj0GefCgM73BA7FlIiNtdg=="
    },
    "zstddec": {
      "version": "0.0.2",
      "resolved": "https://registry.npmjs.org/zstddec/-/zstddec-0.0.2.tgz",
      "integrity": "sha512-DCo0oxvcvOTGP/f5FA6tz2Z6wF+FIcEApSTu0zV5sQgn9hoT5lZ9YRAKUraxt9oP7l4e8TnNdi8IZTCX6WCkwA=="
    },
    "zustand": {
      "version": "3.5.12",
      "resolved": "https://registry.npmjs.org/zustand/-/zustand-3.5.12.tgz",
      "integrity": "sha512-Cv9fX/yM5HXYODkn3Q/HMmMofnmZw3yqM73VT/3rQEvI/04Yl0OFNO24qMofhN82xTPWcCffkGPFCMq8r67Whg=="
    }
  }
}
